
Microsoft Visual Studio Solution File, Format Version 12.00
# Visual Studio Version 17
VisualStudioVersion = 17.14.36202.13 d17.14
MinimumVisualStudioVersion = 10.0.40219.1
Project("{FAE04EC0-301F-11D3-BF4B-00C04F79EFBC}") = "Project2", "Project2\Project2.csproj", "{9BB3FE46-6CE7-49B0-9D25-1FCE94BC24E8}"
EndProject
Global
	GlobalSection(SolutionConfigurationPlatforms) = preSolution
		Debug|Any CPU = Debug|Any CPU
		Release|Any CPU = Release|Any CPU
	EndGlobalSection
	GlobalSection(ProjectConfigurationPlatforms) = postSolution
		{9BB3FE46-6CE7-49B0-9D25-1FCE94BC24E8}.Debug|Any CPU.ActiveCfg = Debug|Any CPU
		{9BB3FE46-6CE7-49B0-9D25-1FCE94BC24E8}.Debug|Any CPU.Build.0 = Debug|Any CPU
		{9BB3FE46-6CE7-49B0-9D25-1FCE94BC24E8}.Debug|Any CPU.Deploy.0 = Debug|Any CPU
		{9BB3FE46-6CE7-49B0-9D25-1FCE94BC24E8}.Release|Any CPU.ActiveCfg = Release|Any CPU
		{9BB3FE46-6CE7-49B0-9D25-1FCE94BC24E8}.Release|Any CPU.Build.0 = Release|Any CPU
		{9BB3FE46-6CE7-49B0-9D25-1FCE94BC24E8}.Release|Any CPU.Deploy.0 = Release|Any CPU
	EndGlobalSection
	GlobalSection(SolutionProperties) = preSolution
		HideSolutionNode = FALSE
	EndGlobalSection
	GlobalSection(ExtensibilityGlobals) = postSolution
		SolutionGuid = {035BB265-50C6-4B8E-952F-1499E5CA0C5F}
	EndGlobalSection
EndGlobal
